
Microsoft Visual Studio Solution File, Format Version 12.00
# Visual Studio for Mac
Project("{FAE04EC0-301F-11D3-BF4B-00C04F79EFBC}") = "Assembly-CSharp", "Assembly-CSharp.csproj", "{0B372BCA-9D6D-FB95-21B3-408E4531ECE2}"
EndProject
Project("{FAE04EC0-301F-11D3-BF4B-00C04F79EFBC}") = "Assembly-CSharp-Editor", "Assembly-CSharp-Editor.csproj", "{84498FEC-2332-1502-F484-E41F8B1CAB4C}"
EndProject
Global
	GlobalSection(SolutionConfigurationPlatforms) = preSolution
		Debug|Any CPU = Debug|Any CPU
		Release|Any CPU = Release|Any CPU
	EndGlobalSection
	GlobalSection(ProjectConfigurationPlatforms) = postSolution
		{0B372BCA-9D6D-FB95-21B3-408E4531ECE2}.Debug|Any CPU.ActiveCfg = Debug|Any CPU
		{0B372BCA-9D6D-FB95-21B3-408E4531ECE2}.Debug|Any CPU.Build.0 = Debug|Any CPU
		{0B372BCA-9D6D-FB95-21B3-408E4531ECE2}.Release|Any CPU.ActiveCfg = Release|Any CPU
		{0B372BCA-9D6D-FB95-21B3-408E4531ECE2}.Release|Any CPU.Build.0 = Release|Any CPU
		{84498FEC-2332-1502-F484-E41F8B1CAB4C}.Debug|Any CPU.ActiveCfg = Debug|Any CPU
		{84498FEC-2332-1502-F484-E41F8B1CAB4C}.Debug|Any CPU.Build.0 = Debug|Any CPU
		{84498FEC-2332-1502-F484-E41F8B1CAB4C}.Release|Any CPU.ActiveCfg = Release|Any CPU
		{84498FEC-2332-1502-F484-E41F8B1CAB4C}.Release|Any CPU.Build.0 = Release|Any CPU
	EndGlobalSection
	GlobalSection(SolutionProperties) = preSolution
		HideSolutionNode = FALSE
	EndGlobalSection
EndGlobal
